// !$*UTF8*$!
{
	archiveVersion = 1;
	classes = {
	};
	objectVersion = 46;
	objects = {

/* Begin PBXBuildFile section */
		6E582EFA1BEFB4B4008EEC27 /* AppDelegate.swift in Sources */ = {isa = PBXBuildFile; fileRef = 6E582EF91BEFB4B4008EEC27 /* AppDelegate.swift */; };
		6E582EFC1BEFB4B4008EEC27 /* ViewController.swift in Sources */ = {isa = PBXBuildFile; fileRef = 6E582EFB1BEFB4B4008EEC27 /* ViewController.swift */; };
		6E582EFF1BEFB4B4008EEC27 /* Main.storyboard in Resources */ = {isa = PBXBuildFile; fileRef = 6E582EFD1BEFB4B4008EEC27 /* Main.storyboard */; };
		6E582F011BEFB4B4008EEC27 /* Assets.xcassets in Resources */ = {isa = PBXBuildFile; fileRef = 6E582F001BEFB4B4008EEC27 /* Assets.xcassets */; };
		6E582F041BEFB4B4008EEC27 /* LaunchScreen.storyboard in Resources */ = {isa = PBXBuildFile; fileRef = 6E582F021BEFB4B4008EEC27 /* LaunchScreen.storyboard */; };
		6E582F0F1BEFB4B5008EEC27 /* TapperTests.swift in Sources */ = {isa = PBXBuildFile; fileRef = 6E582F0E1BEFB4B5008EEC27 /* TapperTests.swift */; };
		6E582F1A1BEFB4B5008EEC27 /* TapperUITests.swift in Sources */ = {isa = PBXBuildFile; fileRef = 6E582F191BEFB4B5008EEC27 /* TapperUITests.swift */; };
/* End PBXBuildFile section */

/* Begin PBXContainerItemProxy section */
		6E582F0B1BEFB4B5008EEC27 /* PBXContainerItemProxy */ = {
			isa = PBXContainerItemProxy;
			containerPortal = 6E582EEE1BEFB4B4008EEC27 /* Project object */;
			proxyType = 1;
			remoteGlobalIDString = 6E582EF51BEFB4B4008EEC27;
			remoteInfo = Tapper;
		};
		6E582F161BEFB4B5008EEC27 /* PBXContainerItemProxy */ = {
			isa = PBXContainerItemProxy;
			containerPortal = 6E582EEE1BEFB4B4008EEC27 /* Project object */;
			proxyType = 1;
			remoteGlobalIDString = 6E582EF51BEFB4B4008EEC27;
			remoteInfo = Tapper;
		};
/* End PBXContainerItemProxy section */

/* Begin PBXFileReference section */
		6E582EF61BEFB4B4008EEC27 /* Tapper.app */ = {isa = PBXFileReference; explicitFileType = wrapper.application; includeInIndex = 0; path = Tapper.app; sourceTree = BUILT_PRODUCTS_DIR; };
		6E582EF91BEFB4B4008EEC27 /* AppDelegate.swift */ = {isa = PBXFileReference; lastKnownFileType = sourcecode.swift; path = AppDelegate.swift; sourceTree = "<group>"; };
		6E582EFB1BEFB4B4008EEC27 /* ViewController.swift */ = {isa = PBXFileReference; lastKnownFileType = sourcecode.swift; path = ViewController.swift; sourceTree = "<group>"; };
		6E582EFE1BEFB4B4008EEC27 /* Base */ = {isa = PBXFileReference; lastKnownFileType = file.storyboard; name = Base; path = Base.lproj/Main.storyboard; sourceTree = "<group>"; };
		6E582F001BEFB4B4008EEC27 /* Assets.xcassets */ = {isa = PBXFileReference; lastKnownFileType = folder.assetcatalog; path = Assets.xcassets; sourceTree = "<group>"; };
		6E582F031BEFB4B4008EEC27 /* Base */ = {isa = PBXFileReference; lastKnownFileType = file.storyboard; name = Base; path = Base.lproj/LaunchScreen.storyboard; sourceTree = "<group>"; };
		6E582F051BEFB4B4008EEC27 /* Info.plist */ = {isa = PBXFileReference; lastKnownFileType = text.plist.xml; path = Info.plist; sourceTree = "<group>"; };
		6E582F0A1BEFB4B5008EEC27 /* TapperTests.xctest */ = {isa = PBXFileReference; explicitFileType = wrapper.cfbundle; includeInIndex = 0; path = TapperTests.xctest; sourceTree = BUILT_PRODUCTS_DIR; };
		6E582F0E1BEFB4B5008EEC27 /* TapperTests.swift */ = {isa = PBXFileReference; lastKnownFileType = sourcecode.swift; path = TapperTests.swift; sourceTree = "<group>"; };
		6E582F101BEFB4B5008EEC27 /* Info.plist */ = {isa = PBXFileReference; lastKnownFileType = text.plist.xml; path = Info.plist; sourceTree = "<group>"; };
		6E582F151BEFB4B5008EEC27 /* TapperUITests.xctest */ = {isa = PBXFileReference; explicitFileType = wrapper.cfbundle; includeInIndex = 0; path = TapperUITests.xctest; sourceTree = BUILT_PRODUCTS_DIR; };
		6E582F191BEFB4B5008EEC27 /* TapperUITests.swift */ = {isa = PBXFileReference; lastKnownFileType = sourcecode.swift; path = TapperUITests.swift; sourceTree = "<group>"; };
		6E582F1B1BEFB4B5008EEC27 /* Info.plist */ = {isa = PBXFileReference; lastKnownFileType = text.plist.xml; path = Info.plist; sourceTree = "<group>"; };
/* End PBXFileReference section */

/* Begin PBXFrameworksBuildPhase section */
		6E582EF31BEFB4B4008EEC27 /* Frameworks */ = {
			isa = PBXFrameworksBuildPhase;
			buildActionMask = 2147483647;
			files = (
			);
			runOnlyForDeploymentPostprocessing = 0;
		};
		6E582F071BEFB4B5008EEC27 /* Frameworks */ = {
			isa = PBXFrameworksBuildPhase;
			buildActionMask = 2147483647;
			files = (
			);
			runOnlyForDeploymentPostprocessing = 0;
		};
		6E582F121BEFB4B5008EEC27 /* Frameworks */ = {
			isa = PBXFrameworksBuildPhase;
			buildActionMask = 2147483647;
			files = (
			);
			runOnlyForDeploymentPostprocessing = 0;
		};
/* End PBXFrameworksBuildPhase section */

/* Begin PBXGroup section */
		6E582EED1BEFB4B4008EEC27 = {
			isa = PBXGroup;
			children = (
				6E582EF81BEFB4B4008EEC27 /* Tapper */,
				6E582F0D1BEFB4B5008EEC27 /* TapperTests */,
				6E582F181BEFB4B5008EEC27 /* TapperUITests */,
				6E582EF71BEFB4B4008EEC27 /* Products */,
			);
			sourceTree = "<group>";
		};
		6E582EF71BEFB4B4008EEC27 /* Products */ = {
			isa = PBXGroup;
			children = (
				6E582EF61BEFB4B4008EEC27 /* Tapper.app */,
				6E582F0A1BEFB4B5008EEC27 /* TapperTests.xctest */,
				6E582F151BEFB4B5008EEC27 /* TapperUITests.xctest */,
			);
			name = Products;
			sourceTree = "<group>";
		};
		6E582EF81BEFB4B4008EEC27 /* Tapper */ = {
			isa = PBXGroup;
			children = (
				6E582EF91BEFB4B4008EEC27 /* AppDelegate.swift */,
				6E582EFB1BEFB4B4008EEC27 /* ViewController.swift */,
				6E582EFD1BEFB4B4008EEC27 /* Main.storyboard */,
				6E582F001BEFB4B4008EEC27 /* Assets.xcassets */,
				6E582F021BEFB4B4008EEC27 /* LaunchScreen.storyboard */,
				6E582F051BEFB4B4008EEC27 /* Info.plist */,
			);
			path = Tapper;
			sourceTree = "<group>";
		};
		6E582F0D1BEFB4B5008EEC27 /* TapperTests */ = {
			isa = PBXGroup;
			children = (
				6E582F0E1BEFB4B5008EEC27 /* TapperTests.swift */,
				6E582F101BEFB4B5008EEC27 /* Info.plist */,
			);
			path = TapperTests;
			sourceTree = "<group>";
		};
		6E582F181BEFB4B5008EEC27 /* TapperUITests */ = {
			isa = PBXGroup;
			children = (
				6E582F191BEFB4B5008EEC27 /* TapperUITests.swift */,
				6E582F1B1BEFB4B5008EEC27 /* Info.plist */,
			);
			path = TapperUITests;
			sourceTree = "<group>";
		};
/* End PBXGroup section */

/* Begin PBXNativeTarget section */
		6E582EF51BEFB4B4008EEC27 /* Tapper */ = {
			isa = PBXNativeTarget;
			buildConfigurationList = 6E582F1E1BEFB4B5008EEC27 /* Build configuration list for PBXNativeTarget "Tapper" */;
			buildPhases = (
				6E582EF21BEFB4B4008EEC27 /* Sources */,
				6E582EF31BEFB4B4008EEC27 /* Frameworks */,
				6E582EF41BEFB4B4008EEC27 /* Resources */,
			);
			buildRules = (
			);
			dependencies = (
			);
			name = Tapper;
			productName = Tapper;
			productReference = 6E582EF61BEFB4B4008EEC27 /* Tapper.app */;
			productType = "com.apple.product-type.application";
		};
		6E582F091BEFB4B5008EEC27 /* TapperTests */ = {
			isa = PBXNativeTarget;
			buildConfigurationList = 6E582F211BEFB4B5008EEC27 /* Build configuration list for PBXNativeTarget "TapperTests" */;
			buildPhases = (
				6E582F061BEFB4B5008EEC27 /* Sources */,
				6E582F071BEFB4B5008EEC27 /* Frameworks */,
				6E582F081BEFB4B5008EEC27 /* Resources */,
			);
			buildRules = (
			);
			dependencies = (
				6E582F0C1BEFB4B5008EEC27 /* PBXTargetDependency */,
			);
			name = TapperTests;
			productName = TapperTests;
			productReference = 6E582F0A1BEFB4B5008EEC27 /* TapperTests.xctest */;
			productType = "com.apple.product-type.bundle.unit-test";
		};
		6E582F141BEFB4B5008EEC27 /* TapperUITests */ = {
			isa = PBXNativeTarget;
			buildConfigurationList = 6E582F241BEFB4B5008EEC27 /* Build configuration list for PBXNativeTarget "TapperUITests" */;
			buildPhases = (
				6E582F111BEFB4B5008EEC27 /* Sources */,
				6E582F121BEFB4B5008EEC27 /* Frameworks */,
				6E582F131BEFB4B5008EEC27 /* Resources */,
			);
			buildRules = (
			);
			dependencies = (
				6E582F171BEFB4B5008EEC27 /* PBXTargetDependency */,
			);
			name = TapperUITests;
			productName = TapperUITests;
			productReference = 6E582F151BEFB4B5008EEC27 /* TapperUITests.xctest */;
			productType = "com.apple.product-type.bundle.ui-testing";
		};
/* End PBXNativeTarget section */

/* Begin PBXProject section */
		6E582EEE1BEFB4B4008EEC27 /* Project object */ = {
			isa = PBXProject;
			attributes = {
				LastUpgradeCheck = 0700;
				ORGANIZATIONNAME = "Hugo Prinsloo";
				TargetAttributes = {
					6E582EF51BEFB4B4008EEC27 = {
						CreatedOnToolsVersion = 7.0;
					};
					6E582F091BEFB4B5008EEC27 = {
						CreatedOnToolsVersion = 7.0;
						TestTargetID = 6E582EF51BEFB4B4008EEC27;
					};
					6E582F141BEFB4B5008EEC27 = {
						CreatedOnToolsVersion = 7.0;
						TestTargetID = 6E582EF51BEFB4B4008EEC27;
					};
				};
			};
			buildConfigurationList = 6E582EF11BEFB4B4008EEC27 /* Build configuration list for PBXProject "Tapper" */;
			compatibilityVersion = "Xcode 3.2";
			developmentRegion = English;
			hasScannedForEncodings = 0;
			knownRegions = (
				en,
				Base,
			);
			mainGroup = 6E582EED1BEFB4B4008EEC27;
			productRefGroup = 6E582EF71BEFB4B4008EEC27 /* Products */;
			projectDirPath = "";
			projectRoot = "";
			targets = (
				6E582EF51BEFB4B4008EEC27 /* Tapper */,
				6E582F091BEFB4B5008EEC27 /* TapperTests */,
				6E582F141BEFB4B5008EEC27 /* TapperUITests */,
			);
		};
/* End PBXProject section */

/* Begin PBXResourcesBuildPhase section */
		6E582EF41BEFB4B4008EEC27 /* Resources */ = {
			isa = PBXResourcesBuildPhase;
			buildActionMask = 2147483647;
			files = (
				6E582F041BEFB4B4008EEC27 /* LaunchScreen.storyboard in Resources */,
				6E582F011BEFB4B4008EEC27 /* Assets.xcassets in Resources */,
				6E582EFF1BEFB4B4008EEC27 /* Main.storyboard in Resources */,
			);
			runOnlyForDeploymentPostprocessing = 0;
		};
		6E582F081BEFB4B5008EEC27 /* Resources */ = {
			isa = PBXResourcesBuildPhase;
			buildActionMask = 2147483647;
			files = (
			);
			runOnlyForDeploymentPostprocessing = 0;
		};
		6E582F131BEFB4B5008EEC27 /* Resources */ = {
			isa = PBXResourcesBuildPhase;
			buildActionMask = 2147483647;
			files = (
			);
			runOnlyForDeploymentPostprocessing = 0;
		};
/* End PBXResourcesBuildPhase section */

/* Begin PBXSourcesBuildPhase section */
		6E582EF21BEFB4B4008EEC27 /* Sources */ = {
			isa = PBXSourcesBuildPhase;
			buildActionMask = 2147483647;
			files = (
				6E582EFC1BEFB4B4008EEC27 /* ViewController.swift in Sources */,
				6E582EFA1BEFB4B4008EEC27 /* AppDelegate.swift in Sources */,
			);
			runOnlyForDeploymentPostprocessing = 0;
		};
		6E582F061BEFB4B5008EEC27 /* Sources */ = {
			isa = PBXSourcesBuildPhase;
			buildActionMask = 2147483647;
			files = (
				6E582F0F1BEFB4B5008EEC27 /* TapperTests.swift in Sources */,
			);
			runOnlyForDeploymentPostprocessing = 0;
		};
		6E582F111BEFB4B5008EEC27 /* Sources */ = {
			isa = PBXSourcesBuildPhase;
			buildActionMask = 2147483647;
			files = (
				6E582F1A1BEFB4B5008EEC27 /* TapperUITests.swift in Sources */,
			);
			runOnlyForDeploymentPostprocessing = 0;
		};
/* End PBXSourcesBuildPhase section */

/* Begin PBXTargetDependency section */
		6E582F0C1BEFB4B5008EEC27 /* PBXTargetDependency */ = {
			isa = PBXTargetDependency;
			target = 6E582EF51BEFB4B4008EEC27 /* Tapper */;
			targetProxy = 6E582F0B1BEFB4B5008EEC27 /* PBXContainerItemProxy */;
		};
		6E582F171BEFB4B5008EEC27 /* PBXTargetDependency */ = {
			isa = PBXTargetDependency;
			target = 6E582EF51BEFB4B4008EEC27 /* Tapper */;
			targetProxy = 6E582F161BEFB4B5008EEC27 /* PBXContainerItemProxy */;
		};
/* End PBXTargetDependency section */

/* Begin PBXVariantGroup section */
		6E582EFD1BEFB4B4008EEC27 /* Main.storyboard */ = {
			isa = PBXVariantGroup;
			children = (
				6E582EFE1BEFB4B4008EEC27 /* Base */,
			);
			name = Main.storyboard;
			sourceTree = "<group>";
		};
		6E582F021BEFB4B4008EEC27 /* LaunchScreen.storyboard */ = {
			isa = PBXVariantGroup;
			children = (
				6E582F031BEFB4B4008EEC27 /* Base */,
			);
			name = LaunchScreen.storyboard;
			sourceTree = "<group>";
		};
/* End PBXVariantGroup section */

/* Begin XCBuildConfiguration section */
		6E582F1C1BEFB4B5008EEC27 /* Debug */ = {
			isa = XCBuildConfiguration;
			buildSettings = {
				ALWAYS_SEARCH_USER_PATHS = NO;
				CLANG_CXX_LANGUAGE_STANDARD = "gnu++0x";
				CLANG_CXX_LIBRARY = "libc++";
				CLANG_ENABLE_MODULES = YES;
				CLANG_ENABLE_OBJC_ARC = YES;
				CLANG_WARN_BOOL_CONVERSION = YES;
				CLANG_WARN_CONSTANT_CONVERSION = YES;
				CLANG_WARN_DIRECT_OBJC_ISA_USAGE = YES_ERROR;
				CLANG_WARN_EMPTY_BODY = YES;
				CLANG_WARN_ENUM_CONVERSION = YES;
				CLANG_WARN_INT_CONVERSION = YES;
				CLANG_WARN_OBJC_ROOT_CLASS = YES_ERROR;
				CLANG_WARN_UNREACHABLE_CODE = YES;
				CLANG_WARN__DUPLICATE_METHOD_MATCH = YES;
				"CODE_SIGN_IDENTITY[sdk=iphoneos*]" = "iPhone Developer";
				COPY_PHASE_STRIP = NO;
				DEBUG_INFORMATION_FORMAT = dwarf;
				ENABLE_STRICT_OBJC_MSGSEND = YES;
				ENABLE_TESTABILITY = YES;
				GCC_C_LANGUAGE_STANDARD = gnu99;
				GCC_DYNAMIC_NO_PIC = NO;
				GCC_NO_COMMON_BLOCKS = YES;
				GCC_OPTIMIZATION_LEVEL = 0;
				GCC_PREPROCESSOR_DEFINITIONS = (
					"DEBUG=1",
					"$(inherited)",
				);
				GCC_WARN_64_TO_32_BIT_CONVERSION = YES;
				GCC_WARN_ABOUT_RETURN_TYPE = YES_ERROR;
				GCC_WARN_UNDECLARED_SELECTOR = YES;
				GCC_WARN_UNINITIALIZED_AUTOS = YES_AGGRESSIVE;
				GCC_WARN_UNUSED_FUNCTION = YES;
				GCC_WARN_UNUSED_VARIABLE = YES;
				IPHONEOS_DEPLOYMENT_TARGET = 9.0;
				MTL_ENABLE_DEBUG_INFO = YES;
				ONLY_ACTIVE_ARCH = YES;
				SDKROOT = iphoneos;
				SWIFT_OPTIMIZATION_LEVEL = "-Onone";
				TARGETED_DEVICE_FAMILY = "1,2";
			};
			name = Debug;
		};
		6E582F1D1BEFB4B5008EEC27 /* Release */ = {
			isa = XCBuildConfiguration;
			buildSettings = {
				ALWAYS_SEARCH_USER_PATHS = NO;
				CLANG_CXX_LANGUAGE_STANDARD = "gnu++0x";
				CLANG_CXX_LIBRARY = "libc++";
				CLANG_ENABLE_MODULES = YES;
				CLANG_ENABLE_OBJC_ARC = YES;
				CLANG_WARN_BOOL_CONVERSION = YES;
				CLANG_WARN_CONSTANT_CONVERSION = YES;
				CLANG_WARN_DIRECT_OBJC_ISA_USAGE = YES_ERROR;
				CLANG_WARN_EMPTY_BODY = YES;
				CLANG_WARN_ENUM_CONVERSION = YES;
				CLANG_WARN_INT_CONVERSION = YES;
				CLANG_WARN_OBJC_ROOT_CLASS = YES_ERROR;
				CLANG_WARN_UNREACHABLE_CODE = YES;
				CLANG_WARN__DUPLICATE_METHOD_MATCH = YES;
				"CODE_SIGN_IDENTITY[sdk=iphoneos*]" = "iPhone Developer";
				COPY_PHASE_STRIP = NO;
				DEBUG_INFORMATION_FORMAT = "dwarf-with-dsym";
				ENABLE_NS_ASSERTIONS = NO;
				ENABLE_STRICT_OBJC_MSGSEND = YES;
				GCC_C_LANGUAGE_STANDARD = gnu99;
				GCC_NO_COMMON_BLOCKS = YES;
				GCC_WARN_64_TO_32_BIT_CONVERSION = YES;
				GCC_WARN_ABOUT_RETURN_TYPE = YES_ERROR;
				GCC_WARN_UNDECLARED_SELECTOR = YES;
				GCC_WARN_UNINITIALIZED_AUTOS = YES_AGGRESSIVE;
				GCC_WARN_UNUSED_FUNCTION = YES;
				GCC_WARN_UNUSED_VARIABLE = YES;
				IPHONEOS_DEPLOYMENT_TARGET = 9.0;
				MTL_ENABLE_DEBUG_INFO = NO;
				SDKROOT = iphoneos;
				TARGETED_DEVICE_FAMILY = "1,2";
				VALIDATE_PRODUCT = YES;
			};
			name = Release;
		};
		6E582F1F1BEFB4B5008EEC27 /* Debug */ = {
			isa = XCBuildConfiguration;
			buildSettings = {
				ASSETCATALOG_COMPILER_APPICON_NAME = AppIcon;
				INFOPLIST_FILE = Tapper/Info.plist;
				LD_RUNPATH_SEARCH_PATHS = "$(inherited) @executable_path/Frameworks";
				PRODUCT_BUNDLE_IDENTIFIER = "Hugo-Prinsloo.Tapper";
				PRODUCT_NAME = "$(TARGET_NAME)";
			};
			name = Debug;
		};
		6E582F201BEFB4B5008EEC27 /* Release */ = {
			isa = XCBuildConfiguration;
			buildSettings = {
				ASSETCATALOG_COMPILER_APPICON_NAME = AppIcon;
				INFOPLIST_FILE = Tapper/Info.plist;
				LD_RUNPATH_SEARCH_PATHS = "$(inherited) @executable_path/Frameworks";
				PRODUCT_BUNDLE_IDENTIFIER = "Hugo-Prinsloo.Tapper";
				PRODUCT_NAME = "$(TARGET_NAME)";
			};
			name = Release;
		};
		6E582F221BEFB4B5008EEC27 /* Debug */ = {
			isa = XCBuildConfiguration;
			buildSettings = {
				BUNDLE_LOADER = "$(TEST_HOST)";
				INFOPLIST_FILE = TapperTests/Info.plist;
				LD_RUNPATH_SEARCH_PATHS = "$(inherited) @executable_path/Frameworks @loader_path/Frameworks";
				PRODUCT_BUNDLE_IDENTIFIER = "Hugo-Prinsloo.TapperTests";
				PRODUCT_NAME = "$(TARGET_NAME)";
				TEST_HOST = "$(BUILT_PRODUCTS_DIR)/Tapper.app/Tapper";
			};
			name = Debug;
		};
		6E582F231BEFB4B5008EEC27 /* Release */ = {
			isa = XCBuildConfiguration;
			buildSettings = {
				BUNDLE_LOADER = "$(TEST_HOST)";
				INFOPLIST_FILE = TapperTests/Info.plist;
				LD_RUNPATH_SEARCH_PATHS = "$(inherited) @executable_path/Frameworks @loader_path/Frameworks";
				PRODUCT_BUNDLE_IDENTIFIER = "Hugo-Prinsloo.TapperTests";
				PRODUCT_NAME = "$(TARGET_NAME)";
				TEST_HOST = "$(BUILT_PRODUCTS_DIR)/Tapper.app/Tapper";
			};
			name = Release;
		};
		6E582F251BEFB4B5008EEC27 /* Debug */ = {
			isa = XCBuildConfiguration;
			buildSettings = {
				INFOPLIST_FILE = TapperUITests/Info.plist;
				LD_RUNPATH_SEARCH_PATHS = "$(inherited) @executable_path/Frameworks @loader_path/Frameworks";
				PRODUCT_BUNDLE_IDENTIFIER = "Hugo-Prinsloo.TapperUITests";
				PRODUCT_NAME = "$(TARGET_NAME)";
				TEST_TARGET_NAME = Tapper;
				USES_XCTRUNNER = YES;
			};
			name = Debug;
		};
		6E582F261BEFB4B5008EEC27 /* Release */ = {
			isa = XCBuildConfiguration;
			buildSettings = {
				INFOPLIST_FILE = TapperUITests/Info.plist;
				LD_RUNPATH_SEARCH_PATHS = "$(inherited) @executable_path/Frameworks @loader_path/Frameworks";
				PRODUCT_BUNDLE_IDENTIFIER = "Hugo-Prinsloo.TapperUITests";
				PRODUCT_NAME = "$(TARGET_NAME)";
				TEST_TARGET_NAME = Tapper;
				USES_XCTRUNNER = YES;
			};
			name = Release;
		};
/* End XCBuildConfiguration section */

/* Begin XCConfigurationList section */
		6E582EF11BEFB4B4008EEC27 /* Build configuration list for PBXProject "Tapper" */ = {
			isa = XCConfigurationList;
			buildConfigurations = (
				6E582F1C1BEFB4B5008EEC27 /* Debug */,
				6E582F1D1BEFB4B5008EEC27 /* Release */,
			);
			defaultConfigurationIsVisible = 0;
			defaultConfigurationName = Release;
		};
		6E582F1E1BEFB4B5008EEC27 /* Build configuration list for PBXNativeTarget "Tapper" */ = {
			isa = XCConfigurationList;
			buildConfigurations = (
				6E582F1F1BEFB4B5008EEC27 /* Debug */,
				6E582F201BEFB4B5008EEC27 /* Release */,
			);
			defaultConfigurationIsVisible = 0;
		};
		6E582F211BEFB4B5008EEC27 /* Build configuration list for PBXNativeTarget "TapperTests" */ = {
			isa = XCConfigurationList;
			buildConfigurations = (
				6E582F221BEFB4B5008EEC27 /* Debug */,
				6E582F231BEFB4B5008EEC27 /* Release */,
			);
			defaultConfigurationIsVisible = 0;
		};
		6E582F241BEFB4B5008EEC27 /* Build configuration list for PBXNativeTarget "TapperUITests" */ = {
			isa = XCConfigurationList;
			buildConfigurations = (
				6E582F251BEFB4B5008EEC27 /* Debug */,
				6E582F261BEFB4B5008EEC27 /* Release */,
			);
			defaultConfigurationIsVisible = 0;
		};
/* End XCConfigurationList section */
	};
	rootObject = 6E582EEE1BEFB4B4008EEC27 /* Project object */;
}
